github.com/StalkR/httpcache v1.0.0 h1:Px+QK86m7FEEvCfpfC+C0sNiUnRrLQyMVVJ6LKiXNvk=
github.com/StalkR/httpcache v1.0.0/go.mod h1:yvbaYwH6w1USHPqgspMSwumbLwWE+B7jIZgfLYkTw1M=
github.com/golang/groupcache v0.0.0-20190702054246-869f871628b6 h1:ZgQEtGgCBiWRM39fZuwSd1LwSqqSW0hOdXCYYDX0R3I=
github.com/golang/groupcache v0.0.0-20190702054246-869f871628b6/go.mod h1:cIg4eruTrX1D+g88fzRXU5OdNfaM+9IcxsU14FzY7Hc=
